<?xml version="1.0" encoding="utf-8"?>
<Project ToolsVersion="4.0" xmlns="http://schemas.microsoft.com/developer/msbuild/2003">
  <ItemGroup>
    <Filter Include="Source Files">
      <UniqueIdentifier>{bfea8d68-55e4-40db-9358-d5065ba5c6ed}</UniqueIdentifier>
      <Extensions>cpp;c;cxx;rc;def;r;odl;idl;hpj;bat</Extensions>
    </Filter>
    <Filter Include="Header Files">
      <UniqueIdentifier>{eddf0c04-4688-4113-ae40-9494bf22a11d}</UniqueIdentifier>
      <Extensions>h;hpp;hxx;hm;inl</Extensions>
    </Filter>
    <Filter Include="Resource Files">
      <UniqueIdentifier>{7d41cfd8-6b3b-4f45-9115-3eb8833928e4}</UniqueIdentifier>
      <Extensions>ico;cur;bmp;dlg;rc2;rct;bin;rgs;gif;jpg;jpeg;jpe</Extensions>
    </Filter>
  </ItemGroup>
  <ItemGroup>
    <ClCompile Include="rtree\entry.cpp">
      <Filter>Source Files</Filter>
    </ClCompile>
    <ClCompile Include="func\functions.cpp">
      <Filter>Source Files</Filter>
    </ClCompile>
    <ClCompile Include="heap\heap.cpp">
      <Filter>Source Files</Filter>
    </ClCompile>
    <ClCompile Include="linlist\linlist.cpp">
      <Filter>Source Files</Filter>
    </ClCompile>
    <ClCompile Include="main.cpp">
      <Filter>Source Files</Filter>
    </ClCompile>
    <ClCompile Include="rtree\rtnode.cpp">
      <Filter>Source Files</Filter>
    </ClCompile>
    <ClCompile Include="rtree\rtree_cmd.cpp">
      <Filter>Source Files</Filter>
    </ClCompile>
    <ClCompile Include="rtree\rtree.cpp">
      <Filter>Source Files</Filter>
    </ClCompile>
    <ClCompile Include="blockfile\blk_file.cpp">
      <Filter>Source Files</Filter>
    </ClCompile>
    <ClCompile Include="blockfile\cache.cpp">
      <Filter>Source Files</Filter>
    </ClCompile>
  </ItemGroup>
  <ItemGroup>
    <ClInclude Include="rtree\entry.h">
      <Filter>Header Files</Filter>
    </ClInclude>
    <ClInclude Include="func\gendef.h">
      <Filter>Header Files</Filter>
    </ClInclude>
    <ClInclude Include="heap\heap.h">
      <Filter>Header Files</Filter>
    </ClInclude>
    <ClInclude Include="linlist\linlist.h">
      <Filter>Header Files</Filter>
    </ClInclude>
    <ClInclude Include="rtree\rtnode.h">
      <Filter>Header Files</Filter>
    </ClInclude>
    <ClInclude Include="rtree\rtree.h">
      <Filter>Header Files</Filter>
    </ClInclude>
    <ClInclude Include="rtree\rtree_cmd.h">
      <Filter>Header Files</Filter>
    </ClInclude>
    <ClInclude Include="func\matlabEngine.h">
      <Filter>Header Files</Filter>
    </ClInclude>
    <ClInclude Include="blockfile\blk_file.h">
      <Filter>Header Files</Filter>
    </ClInclude>
    <ClInclude Include="blockfile\cache.h">
      <Filter>Header Files</Filter>
    </ClInclude>
  </ItemGroup>
</Project>